
Microsoft Visual Studio Solution File, Format Version 12.00
# Visual Studio Version 17
VisualStudioVersion = 17.11.35312.102
MinimumVisualStudioVersion = 10.0.40219.1
Project("{FAE04EC0-301F-11D3-BF4B-00C04F79EFBC}") = "23DH113462_MyStore", "23DH113462_MyStore\23DH113462_MyStore.csproj", "{D102D9BA-7BB5-4F08-A9C5-201726B283FF}"
EndProject
Global
	GlobalSection(SolutionConfigurationPlatforms) = preSolution
		Debug|Any CPU = Debug|Any CPU
		Release|Any CPU = Release|Any CPU
	EndGlobalSection
	GlobalSection(ProjectConfigurationPlatforms) = postSolution
		{D102D9BA-7BB5-4F08-A9C5-201726B283FF}.Debug|Any CPU.ActiveCfg = Debug|Any CPU
		{D102D9BA-7BB5-4F08-A9C5-201726B283FF}.Debug|Any CPU.Build.0 = Debug|Any CPU
		{D102D9BA-7BB5-4F08-A9C5-201726B283FF}.Release|Any CPU.ActiveCfg = Release|Any CPU
		{D102D9BA-7BB5-4F08-A9C5-201726B283FF}.Release|Any CPU.Build.0 = Release|Any CPU
	EndGlobalSection
	GlobalSection(SolutionProperties) = preSolution
		HideSolutionNode = FALSE
	EndGlobalSection
	GlobalSection(ExtensibilityGlobals) = postSolution
		SolutionGuid = {AC3FA071-F6A3-4B77-B9D9-702F84A48DE5}
	EndGlobalSection
EndGlobal
